
Microsoft Visual Studio Solution File, Format Version 12.00
# Visual Studio Version 17
VisualStudioVersion = 17.7.34024.191
MinimumVisualStudioVersion = 10.0.40219.1
Project("{9A19103F-16F7-4668-BE54-9A1E7A4F7556}") = "AbyKhedma", "AbyKhedma.csproj", "{B58E7B06-47C0-4FFA-B9DB-D69F7D665F10}"
EndProject
Project("{FAE04EC0-301F-11D3-BF4B-00C04F79EFBC}") = "Infrastructure", "..\Infrastructure\Infrastructure.csproj", "{CF514AE1-8F3E-423C-8792-AAA0DC9AAF2A}"
EndProject
Project("{FAE04EC0-301F-11D3-BF4B-00C04F79EFBC}") = "Core", "..\Core\Core.csproj", "{95E74320-9214-4DBA-B595-2D56C5F78EEB}"
EndProject
Project("{FAE04EC0-301F-11D3-BF4B-00C04F79EFBC}") = "Services", "..\Services\Services.csproj", "{DC9BCAEC-C708-48AA-ADD0-540BBC1B6818}"
EndProject
Global
	GlobalSection(SolutionConfigurationPlatforms) = preSolution
		Debug|Any CPU = Debug|Any CPU
		Release|Any CPU = Release|Any CPU
	EndGlobalSection
	GlobalSection(ProjectConfigurationPlatforms) = postSolution
		{B58E7B06-47C0-4FFA-B9DB-D69F7D665F10}.Debug|Any CPU.ActiveCfg = Debug|Any CPU
		{B58E7B06-47C0-4FFA-B9DB-D69F7D665F10}.Debug|Any CPU.Build.0 = Debug|Any CPU
		{B58E7B06-47C0-4FFA-B9DB-D69F7D665F10}.Release|Any CPU.ActiveCfg = Release|Any CPU
		{B58E7B06-47C0-4FFA-B9DB-D69F7D665F10}.Release|Any CPU.Build.0 = Release|Any CPU
		{CF514AE1-8F3E-423C-8792-AAA0DC9AAF2A}.Debug|Any CPU.ActiveCfg = Debug|Any CPU
		{CF514AE1-8F3E-423C-8792-AAA0DC9AAF2A}.Debug|Any CPU.Build.0 = Debug|Any CPU
		{CF514AE1-8F3E-423C-8792-AAA0DC9AAF2A}.Release|Any CPU.ActiveCfg = Release|Any CPU
		{CF514AE1-8F3E-423C-8792-AAA0DC9AAF2A}.Release|Any CPU.Build.0 = Release|Any CPU
		{95E74320-9214-4DBA-B595-2D56C5F78EEB}.Debug|Any CPU.ActiveCfg = Debug|Any CPU
		{95E74320-9214-4DBA-B595-2D56C5F78EEB}.Debug|Any CPU.Build.0 = Debug|Any CPU
		{95E74320-9214-4DBA-B595-2D56C5F78EEB}.Release|Any CPU.ActiveCfg = Release|Any CPU
		{95E74320-9214-4DBA-B595-2D56C5F78EEB}.Release|Any CPU.Build.0 = Release|Any CPU
		{DC9BCAEC-C708-48AA-ADD0-540BBC1B6818}.Debug|Any CPU.ActiveCfg = Debug|Any CPU
		{DC9BCAEC-C708-48AA-ADD0-540BBC1B6818}.Debug|Any CPU.Build.0 = Debug|Any CPU
		{DC9BCAEC-C708-48AA-ADD0-540BBC1B6818}.Release|Any CPU.ActiveCfg = Release|Any CPU
		{DC9BCAEC-C708-48AA-ADD0-540BBC1B6818}.Release|Any CPU.Build.0 = Release|Any CPU
	EndGlobalSection
	GlobalSection(SolutionProperties) = preSolution
		HideSolutionNode = FALSE
	EndGlobalSection
	GlobalSection(ExtensibilityGlobals) = postSolution
		SolutionGuid = {EF586B55-30EF-41EA-A77A-9A929062541E}
	EndGlobalSection
EndGlobal
